
Microsoft Visual Studio Solution File, Format Version 12.00
# Visual Studio Version 16
Project("{2150E333-8FDC-42A3-9474-1A3956D46DE8}") = "CMake", "CMake", "{09072F59-9155-3ECD-BF2F-FE19D66A7334}"
EndProject
Project("{2150E333-8FDC-42A3-9474-1A3956D46DE8}") = "SFML", "SFML", "{B7599AD6-181A-3599-904E-C60CAD22DB8F}"
EndProject
Project("{8BC9CEB8-8B4A-11D0-8D11-00A0C91BC942}") = "FlappyBird", "FlappyBird.vcxproj", "{130F9AC2-57DE-33DA-AACE-2C9C17CCEF6F}"
	ProjectSection(ProjectDependencies) = postProject
		{46CDC837-48B0-3323-AC5C-C7EC2DB1A125} = {46CDC837-48B0-3323-AC5C-C7EC2DB1A125}
		{B0FFAD7E-8B31-3B1F-A9C7-658DAD99F384} = {B0FFAD7E-8B31-3B1F-A9C7-658DAD99F384}
		{3EA8CFC3-CA69-3B1A-BF91-994BE694ACA0} = {3EA8CFC3-CA69-3B1A-BF91-994BE694ACA0}
		{6A5BEC07-4F4D-3712-972F-9DFDBE9C3140} = {6A5BEC07-4F4D-3712-972F-9DFDBE9C3140}
		{88A20D25-5DFF-316B-9461-0138F21EC9B2} = {88A20D25-5DFF-316B-9461-0138F21EC9B2}
		{8DFA16D0-6424-3F7C-AB18-90361D324F0B} = {8DFA16D0-6424-3F7C-AB18-90361D324F0B}
		{650CB2BF-3352-3DD3-8C78-0A402955ECBB} = {650CB2BF-3352-3DD3-8C78-0A402955ECBB}
	EndProjectSection
EndProject
Project("{8BC9CEB8-8B4A-11D0-8D11-00A0C91BC942}") = "ALL_BUILD", "ALL_BUILD.vcxproj", "{DC4EBF34-5043-3810-BFF7-8AB3E19FC1DE}"
	ProjectSection(ProjectDependencies) = postProject
		{130F9AC2-57DE-33DA-AACE-2C9C17CCEF6F} = {130F9AC2-57DE-33DA-AACE-2C9C17CCEF6F}
		{46CDC837-48B0-3323-AC5C-C7EC2DB1A125} = {46CDC837-48B0-3323-AC5C-C7EC2DB1A125}
		{B0FFAD7E-8B31-3B1F-A9C7-658DAD99F384} = {B0FFAD7E-8B31-3B1F-A9C7-658DAD99F384}
		{3EA8CFC3-CA69-3B1A-BF91-994BE694ACA0} = {3EA8CFC3-CA69-3B1A-BF91-994BE694ACA0}
		{6A5BEC07-4F4D-3712-972F-9DFDBE9C3140} = {6A5BEC07-4F4D-3712-972F-9DFDBE9C3140}
		{A65D1DC9-6EA9-342C-90F9-18AE90D21323} = {A65D1DC9-6EA9-342C-90F9-18AE90D21323}
		{88A20D25-5DFF-316B-9461-0138F21EC9B2} = {88A20D25-5DFF-316B-9461-0138F21EC9B2}
		{8DFA16D0-6424-3F7C-AB18-90361D324F0B} = {8DFA16D0-6424-3F7C-AB18-90361D324F0B}
		{650CB2BF-3352-3DD3-8C78-0A402955ECBB} = {650CB2BF-3352-3DD3-8C78-0A402955ECBB}
	EndProjectSection
EndProject
Project("{8BC9CEB8-8B4A-11D0-8D11-00A0C91BC942}") = "INSTALL", "INSTALL.vcxproj", "{E49E549D-22D3-3BB7-AE9C-64DD14B3296F}"
	ProjectSection(ProjectDependencies) = postProject
		{DC4EBF34-5043-3810-BFF7-8AB3E19FC1DE} = {DC4EBF34-5043-3810-BFF7-8AB3E19FC1DE}
		{B0FFAD7E-8B31-3B1F-A9C7-658DAD99F384} = {B0FFAD7E-8B31-3B1F-A9C7-658DAD99F384}
	EndProjectSection
EndProject
Project("{8BC9CEB8-8B4A-11D0-8D11-00A0C91BC942}") = "TYRANT", "TYRANT\TYRANT.vcxproj", "{46CDC837-48B0-3323-AC5C-C7EC2DB1A125}"
	ProjectSection(ProjectDependencies) = postProject
		{B0FFAD7E-8B31-3B1F-A9C7-658DAD99F384} = {B0FFAD7E-8B31-3B1F-A9C7-658DAD99F384}
		{3EA8CFC3-CA69-3B1A-BF91-994BE694ACA0} = {3EA8CFC3-CA69-3B1A-BF91-994BE694ACA0}
		{6A5BEC07-4F4D-3712-972F-9DFDBE9C3140} = {6A5BEC07-4F4D-3712-972F-9DFDBE9C3140}
		{88A20D25-5DFF-316B-9461-0138F21EC9B2} = {88A20D25-5DFF-316B-9461-0138F21EC9B2}
		{8DFA16D0-6424-3F7C-AB18-90361D324F0B} = {8DFA16D0-6424-3F7C-AB18-90361D324F0B}
		{650CB2BF-3352-3DD3-8C78-0A402955ECBB} = {650CB2BF-3352-3DD3-8C78-0A402955ECBB}
	EndProjectSection
EndProject
Project("{8BC9CEB8-8B4A-11D0-8D11-00A0C91BC942}") = "ZERO_CHECK", "ZERO_CHECK.vcxproj", "{B0FFAD7E-8B31-3B1F-A9C7-658DAD99F384}"
	ProjectSection(ProjectDependencies) = postProject
	EndProjectSection
EndProject
Project("{8BC9CEB8-8B4A-11D0-8D11-00A0C91BC942}") = "sfml-audio", "TYRANT\vendor\sflm\src\SFML\Audio\sfml-audio.vcxproj", "{3EA8CFC3-CA69-3B1A-BF91-994BE694ACA0}"
	ProjectSection(ProjectDependencies) = postProject
		{B0FFAD7E-8B31-3B1F-A9C7-658DAD99F384} = {B0FFAD7E-8B31-3B1F-A9C7-658DAD99F384}
		{8DFA16D0-6424-3F7C-AB18-90361D324F0B} = {8DFA16D0-6424-3F7C-AB18-90361D324F0B}
	EndProjectSection
EndProject
Project("{8BC9CEB8-8B4A-11D0-8D11-00A0C91BC942}") = "sfml-graphics", "TYRANT\vendor\sflm\src\SFML\Graphics\sfml-graphics.vcxproj", "{6A5BEC07-4F4D-3712-972F-9DFDBE9C3140}"
	ProjectSection(ProjectDependencies) = postProject
		{B0FFAD7E-8B31-3B1F-A9C7-658DAD99F384} = {B0FFAD7E-8B31-3B1F-A9C7-658DAD99F384}
		{8DFA16D0-6424-3F7C-AB18-90361D324F0B} = {8DFA16D0-6424-3F7C-AB18-90361D324F0B}
		{650CB2BF-3352-3DD3-8C78-0A402955ECBB} = {650CB2BF-3352-3DD3-8C78-0A402955ECBB}
	EndProjectSection
EndProject
Project("{8BC9CEB8-8B4A-11D0-8D11-00A0C91BC942}") = "sfml-main", "TYRANT\vendor\sflm\src\SFML\Main\sfml-main.vcxproj", "{A65D1DC9-6EA9-342C-90F9-18AE90D21323}"
	ProjectSection(ProjectDependencies) = postProject
		{B0FFAD7E-8B31-3B1F-A9C7-658DAD99F384} = {B0FFAD7E-8B31-3B1F-A9C7-658DAD99F384}
	EndProjectSection
EndProject
Project("{8BC9CEB8-8B4A-11D0-8D11-00A0C91BC942}") = "sfml-network", "TYRANT\vendor\sflm\src\SFML\Network\sfml-network.vcxproj", "{88A20D25-5DFF-316B-9461-0138F21EC9B2}"
	ProjectSection(ProjectDependencies) = postProject
		{B0FFAD7E-8B31-3B1F-A9C7-658DAD99F384} = {B0FFAD7E-8B31-3B1F-A9C7-658DAD99F384}
		{8DFA16D0-6424-3F7C-AB18-90361D324F0B} = {8DFA16D0-6424-3F7C-AB18-90361D324F0B}
	EndProjectSection
EndProject
Project("{8BC9CEB8-8B4A-11D0-8D11-00A0C91BC942}") = "sfml-system", "TYRANT\vendor\sflm\src\SFML\System\sfml-system.vcxproj", "{8DFA16D0-6424-3F7C-AB18-90361D324F0B}"
	ProjectSection(ProjectDependencies) = postProject
		{B0FFAD7E-8B31-3B1F-A9C7-658DAD99F384} = {B0FFAD7E-8B31-3B1F-A9C7-658DAD99F384}
	EndProjectSection
EndProject
Project("{8BC9CEB8-8B4A-11D0-8D11-00A0C91BC942}") = "sfml-window", "TYRANT\vendor\sflm\src\SFML\Window\sfml-window.vcxproj", "{650CB2BF-3352-3DD3-8C78-0A402955ECBB}"
	ProjectSection(ProjectDependencies) = postProject
		{B0FFAD7E-8B31-3B1F-A9C7-658DAD99F384} = {B0FFAD7E-8B31-3B1F-A9C7-658DAD99F384}
		{8DFA16D0-6424-3F7C-AB18-90361D324F0B} = {8DFA16D0-6424-3F7C-AB18-90361D324F0B}
	EndProjectSection
EndProject
Global
	GlobalSection(SolutionConfigurationPlatforms) = preSolution
		Debug|x64 = Debug|x64
		Release|x64 = Release|x64
		MinSizeRel|x64 = MinSizeRel|x64
		RelWithDebInfo|x64 = RelWithDebInfo|x64
	EndGlobalSection
	GlobalSection(ProjectConfigurationPlatforms) = postSolution
		{130F9AC2-57DE-33DA-AACE-2C9C17CCEF6F}.Debug|x64.ActiveCfg = Debug|x64
		{130F9AC2-57DE-33DA-AACE-2C9C17CCEF6F}.Debug|x64.Build.0 = Debug|x64
		{130F9AC2-57DE-33DA-AACE-2C9C17CCEF6F}.Release|x64.ActiveCfg = Release|x64
		{130F9AC2-57DE-33DA-AACE-2C9C17CCEF6F}.Release|x64.Build.0 = Release|x64
		{130F9AC2-57DE-33DA-AACE-2C9C17CCEF6F}.MinSizeRel|x64.ActiveCfg = MinSizeRel|x64
		{130F9AC2-57DE-33DA-AACE-2C9C17CCEF6F}.MinSizeRel|x64.Build.0 = MinSizeRel|x64
		{130F9AC2-57DE-33DA-AACE-2C9C17CCEF6F}.RelWithDebInfo|x64.ActiveCfg = RelWithDebInfo|x64
		{130F9AC2-57DE-33DA-AACE-2C9C17CCEF6F}.RelWithDebInfo|x64.Build.0 = RelWithDebInfo|x64
		{DC4EBF34-5043-3810-BFF7-8AB3E19FC1DE}.Debug|x64.ActiveCfg = Debug|x64
		{DC4EBF34-5043-3810-BFF7-8AB3E19FC1DE}.Debug|x64.Build.0 = Debug|x64
		{DC4EBF34-5043-3810-BFF7-8AB3E19FC1DE}.Release|x64.ActiveCfg = Release|x64
		{DC4EBF34-5043-3810-BFF7-8AB3E19FC1DE}.Release|x64.Build.0 = Release|x64
		{DC4EBF34-5043-3810-BFF7-8AB3E19FC1DE}.MinSizeRel|x64.ActiveCfg = MinSizeRel|x64
		{DC4EBF34-5043-3810-BFF7-8AB3E19FC1DE}.MinSizeRel|x64.Build.0 = MinSizeRel|x64
		{DC4EBF34-5043-3810-BFF7-8AB3E19FC1DE}.RelWithDebInfo|x64.ActiveCfg = RelWithDebInfo|x64
		{DC4EBF34-5043-3810-BFF7-8AB3E19FC1DE}.RelWithDebInfo|x64.Build.0 = RelWithDebInfo|x64
		{E49E549D-22D3-3BB7-AE9C-64DD14B3296F}.Debug|x64.ActiveCfg = Debug|x64
		{E49E549D-22D3-3BB7-AE9C-64DD14B3296F}.Release|x64.ActiveCfg = Release|x64
		{E49E549D-22D3-3BB7-AE9C-64DD14B3296F}.MinSizeRel|x64.ActiveCfg = MinSizeRel|x64
		{E49E549D-22D3-3BB7-AE9C-64DD14B3296F}.RelWithDebInfo|x64.ActiveCfg = RelWithDebInfo|x64
		{46CDC837-48B0-3323-AC5C-C7EC2DB1A125}.Debug|x64.ActiveCfg = Debug|x64
		{46CDC837-48B0-3323-AC5C-C7EC2DB1A125}.Debug|x64.Build.0 = Debug|x64
		{46CDC837-48B0-3323-AC5C-C7EC2DB1A125}.Release|x64.ActiveCfg = Release|x64
		{46CDC837-48B0-3323-AC5C-C7EC2DB1A125}.Release|x64.Build.0 = Release|x64
		{46CDC837-48B0-3323-AC5C-C7EC2DB1A125}.MinSizeRel|x64.ActiveCfg = MinSizeRel|x64
		{46CDC837-48B0-3323-AC5C-C7EC2DB1A125}.MinSizeRel|x64.Build.0 = MinSizeRel|x64
		{46CDC837-48B0-3323-AC5C-C7EC2DB1A125}.RelWithDebInfo|x64.ActiveCfg = RelWithDebInfo|x64
		{46CDC837-48B0-3323-AC5C-C7EC2DB1A125}.RelWithDebInfo|x64.Build.0 = RelWithDebInfo|x64
		{B0FFAD7E-8B31-3B1F-A9C7-658DAD99F384}.Debug|x64.ActiveCfg = Debug|x64
		{B0FFAD7E-8B31-3B1F-A9C7-658DAD99F384}.Debug|x64.Build.0 = Debug|x64
		{B0FFAD7E-8B31-3B1F-A9C7-658DAD99F384}.Release|x64.ActiveCfg = Release|x64
		{B0FFAD7E-8B31-3B1F-A9C7-658DAD99F384}.Release|x64.Build.0 = Release|x64
		{B0FFAD7E-8B31-3B1F-A9C7-658DAD99F384}.MinSizeRel|x64.ActiveCfg = MinSizeRel|x64
		{B0FFAD7E-8B31-3B1F-A9C7-658DAD99F384}.MinSizeRel|x64.Build.0 = MinSizeRel|x64
		{B0FFAD7E-8B31-3B1F-A9C7-658DAD99F384}.RelWithDebInfo|x64.ActiveCfg = RelWithDebInfo|x64
		{B0FFAD7E-8B31-3B1F-A9C7-658DAD99F384}.RelWithDebInfo|x64.Build.0 = RelWithDebInfo|x64
		{3EA8CFC3-CA69-3B1A-BF91-994BE694ACA0}.Debug|x64.ActiveCfg = Debug|x64
		{3EA8CFC3-CA69-3B1A-BF91-994BE694ACA0}.Debug|x64.Build.0 = Debug|x64
		{3EA8CFC3-CA69-3B1A-BF91-994BE694ACA0}.Release|x64.ActiveCfg = Release|x64
		{3EA8CFC3-CA69-3B1A-BF91-994BE694ACA0}.Release|x64.Build.0 = Release|x64
		{3EA8CFC3-CA69-3B1A-BF91-994BE694ACA0}.MinSizeRel|x64.ActiveCfg = MinSizeRel|x64
		{3EA8CFC3-CA69-3B1A-BF91-994BE694ACA0}.MinSizeRel|x64.Build.0 = MinSizeRel|x64
		{3EA8CFC3-CA69-3B1A-BF91-994BE694ACA0}.RelWithDebInfo|x64.ActiveCfg = RelWithDebInfo|x64
		{3EA8CFC3-CA69-3B1A-BF91-994BE694ACA0}.RelWithDebInfo|x64.Build.0 = RelWithDebInfo|x64
		{6A5BEC07-4F4D-3712-972F-9DFDBE9C3140}.Debug|x64.ActiveCfg = Debug|x64
		{6A5BEC07-4F4D-3712-972F-9DFDBE9C3140}.Debug|x64.Build.0 = Debug|x64
		{6A5BEC07-4F4D-3712-972F-9DFDBE9C3140}.Release|x64.ActiveCfg = Release|x64
		{6A5BEC07-4F4D-3712-972F-9DFDBE9C3140}.Release|x64.Build.0 = Release|x64
		{6A5BEC07-4F4D-3712-972F-9DFDBE9C3140}.MinSizeRel|x64.ActiveCfg = MinSizeRel|x64
		{6A5BEC07-4F4D-3712-972F-9DFDBE9C3140}.MinSizeRel|x64.Build.0 = MinSizeRel|x64
		{6A5BEC07-4F4D-3712-972F-9DFDBE9C3140}.RelWithDebInfo|x64.ActiveCfg = RelWithDebInfo|x64
		{6A5BEC07-4F4D-3712-972F-9DFDBE9C3140}.RelWithDebInfo|x64.Build.0 = RelWithDebInfo|x64
		{A65D1DC9-6EA9-342C-90F9-18AE90D21323}.Debug|x64.ActiveCfg = Debug|x64
		{A65D1DC9-6EA9-342C-90F9-18AE90D21323}.Debug|x64.Build.0 = Debug|x64
		{A65D1DC9-6EA9-342C-90F9-18AE90D21323}.Release|x64.ActiveCfg = Release|x64
		{A65D1DC9-6EA9-342C-90F9-18AE90D21323}.Release|x64.Build.0 = Release|x64
		{A65D1DC9-6EA9-342C-90F9-18AE90D21323}.MinSizeRel|x64.ActiveCfg = MinSizeRel|x64
		{A65D1DC9-6EA9-342C-90F9-18AE90D21323}.MinSizeRel|x64.Build.0 = MinSizeRel|x64
		{A65D1DC9-6EA9-342C-90F9-18AE90D21323}.RelWithDebInfo|x64.ActiveCfg = RelWithDebInfo|x64
		{A65D1DC9-6EA9-342C-90F9-18AE90D21323}.RelWithDebInfo|x64.Build.0 = RelWithDebInfo|x64
		{88A20D25-5DFF-316B-9461-0138F21EC9B2}.Debug|x64.ActiveCfg = Debug|x64
		{88A20D25-5DFF-316B-9461-0138F21EC9B2}.Debug|x64.Build.0 = Debug|x64
		{88A20D25-5DFF-316B-9461-0138F21EC9B2}.Release|x64.ActiveCfg = Release|x64
		{88A20D25-5DFF-316B-9461-0138F21EC9B2}.Release|x64.Build.0 = Release|x64
		{88A20D25-5DFF-316B-9461-0138F21EC9B2}.MinSizeRel|x64.ActiveCfg = MinSizeRel|x64
		{88A20D25-5DFF-316B-9461-0138F21EC9B2}.MinSizeRel|x64.Build.0 = MinSizeRel|x64
		{88A20D25-5DFF-316B-9461-0138F21EC9B2}.RelWithDebInfo|x64.ActiveCfg = RelWithDebInfo|x64
		{88A20D25-5DFF-316B-9461-0138F21EC9B2}.RelWithDebInfo|x64.Build.0 = RelWithDebInfo|x64
		{8DFA16D0-6424-3F7C-AB18-90361D324F0B}.Debug|x64.ActiveCfg = Debug|x64
		{8DFA16D0-6424-3F7C-AB18-90361D324F0B}.Debug|x64.Build.0 = Debug|x64
		{8DFA16D0-6424-3F7C-AB18-90361D324F0B}.Release|x64.ActiveCfg = Release|x64
		{8DFA16D0-6424-3F7C-AB18-90361D324F0B}.Release|x64.Build.0 = Release|x64
		{8DFA16D0-6424-3F7C-AB18-90361D324F0B}.MinSizeRel|x64.ActiveCfg = MinSizeRel|x64
		{8DFA16D0-6424-3F7C-AB18-90361D324F0B}.MinSizeRel|x64.Build.0 = MinSizeRel|x64
		{8DFA16D0-6424-3F7C-AB18-90361D324F0B}.RelWithDebInfo|x64.ActiveCfg = RelWithDebInfo|x64
		{8DFA16D0-6424-3F7C-AB18-90361D324F0B}.RelWithDebInfo|x64.Build.0 = RelWithDebInfo|x64
		{650CB2BF-3352-3DD3-8C78-0A402955ECBB}.Debug|x64.ActiveCfg = Debug|x64
		{650CB2BF-3352-3DD3-8C78-0A402955ECBB}.Debug|x64.Build.0 = Debug|x64
		{650CB2BF-3352-3DD3-8C78-0A402955ECBB}.Release|x64.ActiveCfg = Release|x64
		{650CB2BF-3352-3DD3-8C78-0A402955ECBB}.Release|x64.Build.0 = Release|x64
		{650CB2BF-3352-3DD3-8C78-0A402955ECBB}.MinSizeRel|x64.ActiveCfg = MinSizeRel|x64
		{650CB2BF-3352-3DD3-8C78-0A402955ECBB}.MinSizeRel|x64.Build.0 = MinSizeRel|x64
		{650CB2BF-3352-3DD3-8C78-0A402955ECBB}.RelWithDebInfo|x64.ActiveCfg = RelWithDebInfo|x64
		{650CB2BF-3352-3DD3-8C78-0A402955ECBB}.RelWithDebInfo|x64.Build.0 = RelWithDebInfo|x64
	EndGlobalSection
	GlobalSection(NestedProjects) = preSolution
		{DC4EBF34-5043-3810-BFF7-8AB3E19FC1DE} = {09072F59-9155-3ECD-BF2F-FE19D66A7334}
		{E49E549D-22D3-3BB7-AE9C-64DD14B3296F} = {09072F59-9155-3ECD-BF2F-FE19D66A7334}
		{B0FFAD7E-8B31-3B1F-A9C7-658DAD99F384} = {09072F59-9155-3ECD-BF2F-FE19D66A7334}
		{3EA8CFC3-CA69-3B1A-BF91-994BE694ACA0} = {B7599AD6-181A-3599-904E-C60CAD22DB8F}
		{6A5BEC07-4F4D-3712-972F-9DFDBE9C3140} = {B7599AD6-181A-3599-904E-C60CAD22DB8F}
		{A65D1DC9-6EA9-342C-90F9-18AE90D21323} = {B7599AD6-181A-3599-904E-C60CAD22DB8F}
		{88A20D25-5DFF-316B-9461-0138F21EC9B2} = {B7599AD6-181A-3599-904E-C60CAD22DB8F}
		{8DFA16D0-6424-3F7C-AB18-90361D324F0B} = {B7599AD6-181A-3599-904E-C60CAD22DB8F}
		{650CB2BF-3352-3DD3-8C78-0A402955ECBB} = {B7599AD6-181A-3599-904E-C60CAD22DB8F}
	EndGlobalSection
	GlobalSection(ExtensibilityGlobals) = postSolution
		SolutionGuid = {C0372419-26A3-35D6-AC0E-011F212BC709}
	EndGlobalSection
	GlobalSection(ExtensibilityAddIns) = postSolution
	EndGlobalSection
EndGlobal
