
Microsoft Visual Studio Solution File, Format Version 12.00
# Visual Studio Version 16
Project("{2150E333-8FDC-42A3-9474-1A3956D46DE8}") = "CMake", "CMake", "{7D972825-4877-375A-8083-1FCB2DF66867}"
EndProject
Project("{2150E333-8FDC-42A3-9474-1A3956D46DE8}") = "SFML", "SFML", "{7FF7BFBC-CBA3-3EB0-B534-4A1E163D6A52}"
EndProject
Project("{8BC9CEB8-8B4A-11D0-8D11-00A0C91BC942}") = "FlappyBird", "FlappyBird.vcxproj", "{CA9E915B-6173-3D67-8811-B750F657A504}"
	ProjectSection(ProjectDependencies) = postProject
		{6D0568AD-D8CB-3BF8-8A3B-B1FA6FCFD511} = {6D0568AD-D8CB-3BF8-8A3B-B1FA6FCFD511}
		{58E29647-DC7E-3DF8-819D-47839E2DFA86} = {58E29647-DC7E-3DF8-819D-47839E2DFA86}
		{090FDCF9-9A02-3A67-B952-BADDAEB27D64} = {090FDCF9-9A02-3A67-B952-BADDAEB27D64}
		{428C8607-4585-318E-88A1-4AA8077F63B3} = {428C8607-4585-318E-88A1-4AA8077F63B3}
		{3603EC57-F6EB-3B0D-9AB9-71E3D0DDAEA7} = {3603EC57-F6EB-3B0D-9AB9-71E3D0DDAEA7}
		{1FC7EC6F-27FD-3B74-96B0-E64A3D36BA86} = {1FC7EC6F-27FD-3B74-96B0-E64A3D36BA86}
		{B927D9D6-D40C-336E-9CF4-8EA6F42113A1} = {B927D9D6-D40C-336E-9CF4-8EA6F42113A1}
	EndProjectSection
EndProject
Project("{8BC9CEB8-8B4A-11D0-8D11-00A0C91BC942}") = "ALL_BUILD", "ALL_BUILD.vcxproj", "{750C0FBA-52DB-3FED-96DA-10CE2D99075B}"
	ProjectSection(ProjectDependencies) = postProject
		{CA9E915B-6173-3D67-8811-B750F657A504} = {CA9E915B-6173-3D67-8811-B750F657A504}
		{6D0568AD-D8CB-3BF8-8A3B-B1FA6FCFD511} = {6D0568AD-D8CB-3BF8-8A3B-B1FA6FCFD511}
		{58E29647-DC7E-3DF8-819D-47839E2DFA86} = {58E29647-DC7E-3DF8-819D-47839E2DFA86}
		{090FDCF9-9A02-3A67-B952-BADDAEB27D64} = {090FDCF9-9A02-3A67-B952-BADDAEB27D64}
		{428C8607-4585-318E-88A1-4AA8077F63B3} = {428C8607-4585-318E-88A1-4AA8077F63B3}
		{B28C0BE6-8C4F-3087-BBA6-32C923B7B79B} = {B28C0BE6-8C4F-3087-BBA6-32C923B7B79B}
		{3603EC57-F6EB-3B0D-9AB9-71E3D0DDAEA7} = {3603EC57-F6EB-3B0D-9AB9-71E3D0DDAEA7}
		{1FC7EC6F-27FD-3B74-96B0-E64A3D36BA86} = {1FC7EC6F-27FD-3B74-96B0-E64A3D36BA86}
		{B927D9D6-D40C-336E-9CF4-8EA6F42113A1} = {B927D9D6-D40C-336E-9CF4-8EA6F42113A1}
	EndProjectSection
EndProject
Project("{8BC9CEB8-8B4A-11D0-8D11-00A0C91BC942}") = "INSTALL", "INSTALL.vcxproj", "{D8BBCABF-C542-3543-8C59-4CCDDE7BDC77}"
	ProjectSection(ProjectDependencies) = postProject
		{750C0FBA-52DB-3FED-96DA-10CE2D99075B} = {750C0FBA-52DB-3FED-96DA-10CE2D99075B}
		{58E29647-DC7E-3DF8-819D-47839E2DFA86} = {58E29647-DC7E-3DF8-819D-47839E2DFA86}
	EndProjectSection
EndProject
Project("{8BC9CEB8-8B4A-11D0-8D11-00A0C91BC942}") = "TYRANT", "TYRANT\TYRANT.vcxproj", "{6D0568AD-D8CB-3BF8-8A3B-B1FA6FCFD511}"
	ProjectSection(ProjectDependencies) = postProject
		{58E29647-DC7E-3DF8-819D-47839E2DFA86} = {58E29647-DC7E-3DF8-819D-47839E2DFA86}
		{090FDCF9-9A02-3A67-B952-BADDAEB27D64} = {090FDCF9-9A02-3A67-B952-BADDAEB27D64}
		{428C8607-4585-318E-88A1-4AA8077F63B3} = {428C8607-4585-318E-88A1-4AA8077F63B3}
		{3603EC57-F6EB-3B0D-9AB9-71E3D0DDAEA7} = {3603EC57-F6EB-3B0D-9AB9-71E3D0DDAEA7}
		{1FC7EC6F-27FD-3B74-96B0-E64A3D36BA86} = {1FC7EC6F-27FD-3B74-96B0-E64A3D36BA86}
		{B927D9D6-D40C-336E-9CF4-8EA6F42113A1} = {B927D9D6-D40C-336E-9CF4-8EA6F42113A1}
	EndProjectSection
EndProject
Project("{8BC9CEB8-8B4A-11D0-8D11-00A0C91BC942}") = "ZERO_CHECK", "ZERO_CHECK.vcxproj", "{58E29647-DC7E-3DF8-819D-47839E2DFA86}"
	ProjectSection(ProjectDependencies) = postProject
	EndProjectSection
EndProject
Project("{8BC9CEB8-8B4A-11D0-8D11-00A0C91BC942}") = "sfml-audio", "TYRANT\vendor\sflm\src\SFML\Audio\sfml-audio.vcxproj", "{090FDCF9-9A02-3A67-B952-BADDAEB27D64}"
	ProjectSection(ProjectDependencies) = postProject
		{58E29647-DC7E-3DF8-819D-47839E2DFA86} = {58E29647-DC7E-3DF8-819D-47839E2DFA86}
		{1FC7EC6F-27FD-3B74-96B0-E64A3D36BA86} = {1FC7EC6F-27FD-3B74-96B0-E64A3D36BA86}
	EndProjectSection
EndProject
Project("{8BC9CEB8-8B4A-11D0-8D11-00A0C91BC942}") = "sfml-graphics", "TYRANT\vendor\sflm\src\SFML\Graphics\sfml-graphics.vcxproj", "{428C8607-4585-318E-88A1-4AA8077F63B3}"
	ProjectSection(ProjectDependencies) = postProject
		{58E29647-DC7E-3DF8-819D-47839E2DFA86} = {58E29647-DC7E-3DF8-819D-47839E2DFA86}
		{1FC7EC6F-27FD-3B74-96B0-E64A3D36BA86} = {1FC7EC6F-27FD-3B74-96B0-E64A3D36BA86}
		{B927D9D6-D40C-336E-9CF4-8EA6F42113A1} = {B927D9D6-D40C-336E-9CF4-8EA6F42113A1}
	EndProjectSection
EndProject
Project("{8BC9CEB8-8B4A-11D0-8D11-00A0C91BC942}") = "sfml-main", "TYRANT\vendor\sflm\src\SFML\Main\sfml-main.vcxproj", "{B28C0BE6-8C4F-3087-BBA6-32C923B7B79B}"
	ProjectSection(ProjectDependencies) = postProject
		{58E29647-DC7E-3DF8-819D-47839E2DFA86} = {58E29647-DC7E-3DF8-819D-47839E2DFA86}
	EndProjectSection
EndProject
Project("{8BC9CEB8-8B4A-11D0-8D11-00A0C91BC942}") = "sfml-network", "TYRANT\vendor\sflm\src\SFML\Network\sfml-network.vcxproj", "{3603EC57-F6EB-3B0D-9AB9-71E3D0DDAEA7}"
	ProjectSection(ProjectDependencies) = postProject
		{58E29647-DC7E-3DF8-819D-47839E2DFA86} = {58E29647-DC7E-3DF8-819D-47839E2DFA86}
		{1FC7EC6F-27FD-3B74-96B0-E64A3D36BA86} = {1FC7EC6F-27FD-3B74-96B0-E64A3D36BA86}
	EndProjectSection
EndProject
Project("{8BC9CEB8-8B4A-11D0-8D11-00A0C91BC942}") = "sfml-system", "TYRANT\vendor\sflm\src\SFML\System\sfml-system.vcxproj", "{1FC7EC6F-27FD-3B74-96B0-E64A3D36BA86}"
	ProjectSection(ProjectDependencies) = postProject
		{58E29647-DC7E-3DF8-819D-47839E2DFA86} = {58E29647-DC7E-3DF8-819D-47839E2DFA86}
	EndProjectSection
EndProject
Project("{8BC9CEB8-8B4A-11D0-8D11-00A0C91BC942}") = "sfml-window", "TYRANT\vendor\sflm\src\SFML\Window\sfml-window.vcxproj", "{B927D9D6-D40C-336E-9CF4-8EA6F42113A1}"
	ProjectSection(ProjectDependencies) = postProject
		{58E29647-DC7E-3DF8-819D-47839E2DFA86} = {58E29647-DC7E-3DF8-819D-47839E2DFA86}
		{1FC7EC6F-27FD-3B74-96B0-E64A3D36BA86} = {1FC7EC6F-27FD-3B74-96B0-E64A3D36BA86}
	EndProjectSection
EndProject
Global
	GlobalSection(SolutionConfigurationPlatforms) = preSolution
		Debug|x64 = Debug|x64
		Release|x64 = Release|x64
		MinSizeRel|x64 = MinSizeRel|x64
		RelWithDebInfo|x64 = RelWithDebInfo|x64
	EndGlobalSection
	GlobalSection(ProjectConfigurationPlatforms) = postSolution
		{CA9E915B-6173-3D67-8811-B750F657A504}.Debug|x64.ActiveCfg = Debug|x64
		{CA9E915B-6173-3D67-8811-B750F657A504}.Debug|x64.Build.0 = Debug|x64
		{CA9E915B-6173-3D67-8811-B750F657A504}.Release|x64.ActiveCfg = Release|x64
		{CA9E915B-6173-3D67-8811-B750F657A504}.Release|x64.Build.0 = Release|x64
		{CA9E915B-6173-3D67-8811-B750F657A504}.MinSizeRel|x64.ActiveCfg = MinSizeRel|x64
		{CA9E915B-6173-3D67-8811-B750F657A504}.MinSizeRel|x64.Build.0 = MinSizeRel|x64
		{CA9E915B-6173-3D67-8811-B750F657A504}.RelWithDebInfo|x64.ActiveCfg = RelWithDebInfo|x64
		{CA9E915B-6173-3D67-8811-B750F657A504}.RelWithDebInfo|x64.Build.0 = RelWithDebInfo|x64
		{750C0FBA-52DB-3FED-96DA-10CE2D99075B}.Debug|x64.ActiveCfg = Debug|x64
		{750C0FBA-52DB-3FED-96DA-10CE2D99075B}.Debug|x64.Build.0 = Debug|x64
		{750C0FBA-52DB-3FED-96DA-10CE2D99075B}.Release|x64.ActiveCfg = Release|x64
		{750C0FBA-52DB-3FED-96DA-10CE2D99075B}.Release|x64.Build.0 = Release|x64
		{750C0FBA-52DB-3FED-96DA-10CE2D99075B}.MinSizeRel|x64.ActiveCfg = MinSizeRel|x64
		{750C0FBA-52DB-3FED-96DA-10CE2D99075B}.MinSizeRel|x64.Build.0 = MinSizeRel|x64
		{750C0FBA-52DB-3FED-96DA-10CE2D99075B}.RelWithDebInfo|x64.ActiveCfg = RelWithDebInfo|x64
		{750C0FBA-52DB-3FED-96DA-10CE2D99075B}.RelWithDebInfo|x64.Build.0 = RelWithDebInfo|x64
		{D8BBCABF-C542-3543-8C59-4CCDDE7BDC77}.Debug|x64.ActiveCfg = Debug|x64
		{D8BBCABF-C542-3543-8C59-4CCDDE7BDC77}.Release|x64.ActiveCfg = Release|x64
		{D8BBCABF-C542-3543-8C59-4CCDDE7BDC77}.MinSizeRel|x64.ActiveCfg = MinSizeRel|x64
		{D8BBCABF-C542-3543-8C59-4CCDDE7BDC77}.RelWithDebInfo|x64.ActiveCfg = RelWithDebInfo|x64
		{6D0568AD-D8CB-3BF8-8A3B-B1FA6FCFD511}.Debug|x64.ActiveCfg = Debug|x64
		{6D0568AD-D8CB-3BF8-8A3B-B1FA6FCFD511}.Debug|x64.Build.0 = Debug|x64
		{6D0568AD-D8CB-3BF8-8A3B-B1FA6FCFD511}.Release|x64.ActiveCfg = Release|x64
		{6D0568AD-D8CB-3BF8-8A3B-B1FA6FCFD511}.Release|x64.Build.0 = Release|x64
		{6D0568AD-D8CB-3BF8-8A3B-B1FA6FCFD511}.MinSizeRel|x64.ActiveCfg = MinSizeRel|x64
		{6D0568AD-D8CB-3BF8-8A3B-B1FA6FCFD511}.MinSizeRel|x64.Build.0 = MinSizeRel|x64
		{6D0568AD-D8CB-3BF8-8A3B-B1FA6FCFD511}.RelWithDebInfo|x64.ActiveCfg = RelWithDebInfo|x64
		{6D0568AD-D8CB-3BF8-8A3B-B1FA6FCFD511}.RelWithDebInfo|x64.Build.0 = RelWithDebInfo|x64
		{58E29647-DC7E-3DF8-819D-47839E2DFA86}.Debug|x64.ActiveCfg = Debug|x64
		{58E29647-DC7E-3DF8-819D-47839E2DFA86}.Debug|x64.Build.0 = Debug|x64
		{58E29647-DC7E-3DF8-819D-47839E2DFA86}.Release|x64.ActiveCfg = Release|x64
		{58E29647-DC7E-3DF8-819D-47839E2DFA86}.Release|x64.Build.0 = Release|x64
		{58E29647-DC7E-3DF8-819D-47839E2DFA86}.MinSizeRel|x64.ActiveCfg = MinSizeRel|x64
		{58E29647-DC7E-3DF8-819D-47839E2DFA86}.MinSizeRel|x64.Build.0 = MinSizeRel|x64
		{58E29647-DC7E-3DF8-819D-47839E2DFA86}.RelWithDebInfo|x64.ActiveCfg = RelWithDebInfo|x64
		{58E29647-DC7E-3DF8-819D-47839E2DFA86}.RelWithDebInfo|x64.Build.0 = RelWithDebInfo|x64
		{090FDCF9-9A02-3A67-B952-BADDAEB27D64}.Debug|x64.ActiveCfg = Debug|x64
		{090FDCF9-9A02-3A67-B952-BADDAEB27D64}.Debug|x64.Build.0 = Debug|x64
		{090FDCF9-9A02-3A67-B952-BADDAEB27D64}.Release|x64.ActiveCfg = Release|x64
		{090FDCF9-9A02-3A67-B952-BADDAEB27D64}.Release|x64.Build.0 = Release|x64
		{090FDCF9-9A02-3A67-B952-BADDAEB27D64}.MinSizeRel|x64.ActiveCfg = MinSizeRel|x64
		{090FDCF9-9A02-3A67-B952-BADDAEB27D64}.MinSizeRel|x64.Build.0 = MinSizeRel|x64
		{090FDCF9-9A02-3A67-B952-BADDAEB27D64}.RelWithDebInfo|x64.ActiveCfg = RelWithDebInfo|x64
		{090FDCF9-9A02-3A67-B952-BADDAEB27D64}.RelWithDebInfo|x64.Build.0 = RelWithDebInfo|x64
		{428C8607-4585-318E-88A1-4AA8077F63B3}.Debug|x64.ActiveCfg = Debug|x64
		{428C8607-4585-318E-88A1-4AA8077F63B3}.Debug|x64.Build.0 = Debug|x64
		{428C8607-4585-318E-88A1-4AA8077F63B3}.Release|x64.ActiveCfg = Release|x64
		{428C8607-4585-318E-88A1-4AA8077F63B3}.Release|x64.Build.0 = Release|x64
		{428C8607-4585-318E-88A1-4AA8077F63B3}.MinSizeRel|x64.ActiveCfg = MinSizeRel|x64
		{428C8607-4585-318E-88A1-4AA8077F63B3}.MinSizeRel|x64.Build.0 = MinSizeRel|x64
		{428C8607-4585-318E-88A1-4AA8077F63B3}.RelWithDebInfo|x64.ActiveCfg = RelWithDebInfo|x64
		{428C8607-4585-318E-88A1-4AA8077F63B3}.RelWithDebInfo|x64.Build.0 = RelWithDebInfo|x64
		{B28C0BE6-8C4F-3087-BBA6-32C923B7B79B}.Debug|x64.ActiveCfg = Debug|x64
		{B28C0BE6-8C4F-3087-BBA6-32C923B7B79B}.Debug|x64.Build.0 = Debug|x64
		{B28C0BE6-8C4F-3087-BBA6-32C923B7B79B}.Release|x64.ActiveCfg = Release|x64
		{B28C0BE6-8C4F-3087-BBA6-32C923B7B79B}.Release|x64.Build.0 = Release|x64
		{B28C0BE6-8C4F-3087-BBA6-32C923B7B79B}.MinSizeRel|x64.ActiveCfg = MinSizeRel|x64
		{B28C0BE6-8C4F-3087-BBA6-32C923B7B79B}.MinSizeRel|x64.Build.0 = MinSizeRel|x64
		{B28C0BE6-8C4F-3087-BBA6-32C923B7B79B}.RelWithDebInfo|x64.ActiveCfg = RelWithDebInfo|x64
		{B28C0BE6-8C4F-3087-BBA6-32C923B7B79B}.RelWithDebInfo|x64.Build.0 = RelWithDebInfo|x64
		{3603EC57-F6EB-3B0D-9AB9-71E3D0DDAEA7}.Debug|x64.ActiveCfg = Debug|x64
		{3603EC57-F6EB-3B0D-9AB9-71E3D0DDAEA7}.Debug|x64.Build.0 = Debug|x64
		{3603EC57-F6EB-3B0D-9AB9-71E3D0DDAEA7}.Release|x64.ActiveCfg = Release|x64
		{3603EC57-F6EB-3B0D-9AB9-71E3D0DDAEA7}.Release|x64.Build.0 = Release|x64
		{3603EC57-F6EB-3B0D-9AB9-71E3D0DDAEA7}.MinSizeRel|x64.ActiveCfg = MinSizeRel|x64
		{3603EC57-F6EB-3B0D-9AB9-71E3D0DDAEA7}.MinSizeRel|x64.Build.0 = MinSizeRel|x64
		{3603EC57-F6EB-3B0D-9AB9-71E3D0DDAEA7}.RelWithDebInfo|x64.ActiveCfg = RelWithDebInfo|x64
		{3603EC57-F6EB-3B0D-9AB9-71E3D0DDAEA7}.RelWithDebInfo|x64.Build.0 = RelWithDebInfo|x64
		{1FC7EC6F-27FD-3B74-96B0-E64A3D36BA86}.Debug|x64.ActiveCfg = Debug|x64
		{1FC7EC6F-27FD-3B74-96B0-E64A3D36BA86}.Debug|x64.Build.0 = Debug|x64
		{1FC7EC6F-27FD-3B74-96B0-E64A3D36BA86}.Release|x64.ActiveCfg = Release|x64
		{1FC7EC6F-27FD-3B74-96B0-E64A3D36BA86}.Release|x64.Build.0 = Release|x64
		{1FC7EC6F-27FD-3B74-96B0-E64A3D36BA86}.MinSizeRel|x64.ActiveCfg = MinSizeRel|x64
		{1FC7EC6F-27FD-3B74-96B0-E64A3D36BA86}.MinSizeRel|x64.Build.0 = MinSizeRel|x64
		{1FC7EC6F-27FD-3B74-96B0-E64A3D36BA86}.RelWithDebInfo|x64.ActiveCfg = RelWithDebInfo|x64
		{1FC7EC6F-27FD-3B74-96B0-E64A3D36BA86}.RelWithDebInfo|x64.Build.0 = RelWithDebInfo|x64
		{B927D9D6-D40C-336E-9CF4-8EA6F42113A1}.Debug|x64.ActiveCfg = Debug|x64
		{B927D9D6-D40C-336E-9CF4-8EA6F42113A1}.Debug|x64.Build.0 = Debug|x64
		{B927D9D6-D40C-336E-9CF4-8EA6F42113A1}.Release|x64.ActiveCfg = Release|x64
		{B927D9D6-D40C-336E-9CF4-8EA6F42113A1}.Release|x64.Build.0 = Release|x64
		{B927D9D6-D40C-336E-9CF4-8EA6F42113A1}.MinSizeRel|x64.ActiveCfg = MinSizeRel|x64
		{B927D9D6-D40C-336E-9CF4-8EA6F42113A1}.MinSizeRel|x64.Build.0 = MinSizeRel|x64
		{B927D9D6-D40C-336E-9CF4-8EA6F42113A1}.RelWithDebInfo|x64.ActiveCfg = RelWithDebInfo|x64
		{B927D9D6-D40C-336E-9CF4-8EA6F42113A1}.RelWithDebInfo|x64.Build.0 = RelWithDebInfo|x64
	EndGlobalSection
	GlobalSection(NestedProjects) = preSolution
		{750C0FBA-52DB-3FED-96DA-10CE2D99075B} = {7D972825-4877-375A-8083-1FCB2DF66867}
		{D8BBCABF-C542-3543-8C59-4CCDDE7BDC77} = {7D972825-4877-375A-8083-1FCB2DF66867}
		{58E29647-DC7E-3DF8-819D-47839E2DFA86} = {7D972825-4877-375A-8083-1FCB2DF66867}
		{090FDCF9-9A02-3A67-B952-BADDAEB27D64} = {7FF7BFBC-CBA3-3EB0-B534-4A1E163D6A52}
		{428C8607-4585-318E-88A1-4AA8077F63B3} = {7FF7BFBC-CBA3-3EB0-B534-4A1E163D6A52}
		{B28C0BE6-8C4F-3087-BBA6-32C923B7B79B} = {7FF7BFBC-CBA3-3EB0-B534-4A1E163D6A52}
		{3603EC57-F6EB-3B0D-9AB9-71E3D0DDAEA7} = {7FF7BFBC-CBA3-3EB0-B534-4A1E163D6A52}
		{1FC7EC6F-27FD-3B74-96B0-E64A3D36BA86} = {7FF7BFBC-CBA3-3EB0-B534-4A1E163D6A52}
		{B927D9D6-D40C-336E-9CF4-8EA6F42113A1} = {7FF7BFBC-CBA3-3EB0-B534-4A1E163D6A52}
	EndGlobalSection
	GlobalSection(ExtensibilityGlobals) = postSolution
		SolutionGuid = {CDF8F535-8989-309C-92E0-564491944DE5}
	EndGlobalSection
	GlobalSection(ExtensibilityAddIns) = postSolution
	EndGlobalSection
EndGlobal
