<?xml version="1.0" encoding="utf-8"?>
<Project ToolsVersion="16.0" xmlns="http://schemas.microsoft.com/developer/msbuild/2003">
  <ItemGroup>
    <ClCompile Include="E:\Dev\TYRANT_Dev\TYRANT\CMakeFiles\FlappyBird.dir\cmake_pch.cxx">
      <Filter>Source Files</Filter>
    </ClCompile>
    <ClCompile Include="E:\Dev\TYRANT_Dev\TYRANT\FlappyBird\src\Bird.cpp">
      <Filter>Source Files</Filter>
    </ClCompile>
    <ClCompile Include="E:\Dev\TYRANT_Dev\TYRANT\FlappyBird\src\FlappyBirdApp.cpp">
      <Filter>Source Files</Filter>
    </ClCompile>
    <ClCompile Include="E:\Dev\TYRANT_Dev\TYRANT\FlappyBird\src\Land.cpp">
      <Filter>Source Files</Filter>
    </ClCompile>
    <ClCompile Include="E:\Dev\TYRANT_Dev\TYRANT\FlappyBird\src\MainLevel.cpp">
      <Filter>Source Files</Filter>
    </ClCompile>
    <ClCompile Include="E:\Dev\TYRANT_Dev\TYRANT\FlappyBird\src\Pipe.cpp">
      <Filter>Source Files</Filter>
    </ClCompile>
    <ClCompile Include="E:\Dev\TYRANT_Dev\TYRANT\FlappyBird\src\main.cpp">
      <Filter>Source Files</Filter>
    </ClCompile>
    <ClCompile Include="E:\Dev\TYRANT_Dev\TYRANT\FlappyBird\src\pipeGenerator.cpp">
      <Filter>Source Files</Filter>
    </ClCompile>
  </ItemGroup>
  <ItemGroup>
    <ClInclude Include="E:\Dev\TYRANT_Dev\TYRANT\FlappyBird\src\Bird.h">
      <Filter>Header Files</Filter>
    </ClInclude>
    <ClInclude Include="E:\Dev\TYRANT_Dev\TYRANT\FlappyBird\src\FlappyBirdApp.h">
      <Filter>Header Files</Filter>
    </ClInclude>
    <ClInclude Include="E:\Dev\TYRANT_Dev\TYRANT\FlappyBird\src\Land.h">
      <Filter>Header Files</Filter>
    </ClInclude>
    <ClInclude Include="E:\Dev\TYRANT_Dev\TYRANT\FlappyBird\src\MainLevel.h">
      <Filter>Header Files</Filter>
    </ClInclude>
    <ClInclude Include="E:\Dev\TYRANT_Dev\TYRANT\FlappyBird\src\Pipe.h">
      <Filter>Header Files</Filter>
    </ClInclude>
    <ClInclude Include="E:\Dev\TYRANT_Dev\TYRANT\FlappyBird\src\pipeGenerator.h">
      <Filter>Header Files</Filter>
    </ClInclude>
    <ClInclude Include="E:\Dev\TYRANT_Dev\TYRANT\FlappyBird\src\test.h">
      <Filter>Header Files</Filter>
    </ClInclude>
    <ClInclude Include="E:\Dev\TYRANT_Dev\TYRANT\CMakeFiles\FlappyBird.dir\Debug\cmake_pch.hxx">
      <Filter>Precompile Header File</Filter>
    </ClInclude>
    <ClInclude Include="E:\Dev\TYRANT_Dev\TYRANT\CMakeFiles\FlappyBird.dir\Release\cmake_pch.hxx">
      <Filter>Precompile Header File</Filter>
    </ClInclude>
    <ClInclude Include="E:\Dev\TYRANT_Dev\TYRANT\CMakeFiles\FlappyBird.dir\MinSizeRel\cmake_pch.hxx">
      <Filter>Precompile Header File</Filter>
    </ClInclude>
    <ClInclude Include="E:\Dev\TYRANT_Dev\TYRANT\CMakeFiles\FlappyBird.dir\RelWithDebInfo\cmake_pch.hxx">
      <Filter>Precompile Header File</Filter>
    </ClInclude>
  </ItemGroup>
  <ItemGroup>
    <CustomBuild Include="E:\Dev\TYRANT_Dev\TYRANT\CMakeLists.txt" />
  </ItemGroup>
  <ItemGroup>
    <Filter Include="Header Files">
      <UniqueIdentifier>{C4C6A4B7-8BEE-32F7-9BE3-CD5EB9E2DDA4}</UniqueIdentifier>
    </Filter>
    <Filter Include="Precompile Header File">
      <UniqueIdentifier>{555D6AD5-CE74-3EAC-AA4D-C63AF5E5D8EC}</UniqueIdentifier>
    </Filter>
    <Filter Include="Source Files">
      <UniqueIdentifier>{65DB306D-9ADC-37AE-9B9D-33F3C3815128}</UniqueIdentifier>
    </Filter>
  </ItemGroup>
</Project>
