<?xml version="1.0" encoding="utf-8"?>
<Project ToolsVersion="16.0" xmlns="http://schemas.microsoft.com/developer/msbuild/2003">
  <ItemGroup>
    <ClCompile Include="C:\dev\TyrantDev\TYRANT\TYRANT\CMakeFiles\TYRANT.dir\cmake_pch.cxx">
      <Filter>Source Files</Filter>
    </ClCompile>
    <ClCompile Include="C:\dev\TyrantDev\TYRANT\TYRANT\src\Application.cpp">
      <Filter>Source Files</Filter>
    </ClCompile>
    <ClCompile Include="C:\dev\TyrantDev\TYRANT\TYRANT\src\Entity.cpp">
      <Filter>Source Files</Filter>
    </ClCompile>
    <ClCompile Include="C:\dev\TyrantDev\TYRANT\TYRANT\src\EntityComp.cpp">
      <Filter>Source Files</Filter>
    </ClCompile>
    <ClCompile Include="C:\dev\TyrantDev\TYRANT\TYRANT\src\Level.cpp">
      <Filter>Source Files</Filter>
    </ClCompile>
    <ClCompile Include="C:\dev\TyrantDev\TYRANT\TYRANT\src\MathUtility.cpp">
      <Filter>Source Files</Filter>
    </ClCompile>
    <ClCompile Include="C:\dev\TyrantDev\TYRANT\TYRANT\src\MovementComp.cpp">
      <Filter>Source Files</Filter>
    </ClCompile>
    <ClCompile Include="C:\dev\TyrantDev\TYRANT\TYRANT\src\PhysicsComp.cpp">
      <Filter>Source Files</Filter>
    </ClCompile>
    <ClCompile Include="C:\dev\TyrantDev\TYRANT\TYRANT\src\SpaceComp.cpp">
      <Filter>Source Files</Filter>
    </ClCompile>
    <ClCompile Include="C:\dev\TyrantDev\TYRANT\TYRANT\src\VisualComp.cpp">
      <Filter>Source Files</Filter>
    </ClCompile>
    <ClCompile Include="C:\dev\TyrantDev\TYRANT\TYRANT\src\tyrant.cpp">
      <Filter>Source Files</Filter>
    </ClCompile>
  </ItemGroup>
  <ItemGroup>
    <ClInclude Include="C:\dev\TyrantDev\TYRANT\TYRANT\include\Application.h">
      <Filter>Header Files</Filter>
    </ClInclude>
    <ClInclude Include="C:\dev\TyrantDev\TYRANT\TYRANT\include\Entity.h">
      <Filter>Header Files</Filter>
    </ClInclude>
    <ClInclude Include="C:\dev\TyrantDev\TYRANT\TYRANT\include\EntityComp.h">
      <Filter>Header Files</Filter>
    </ClInclude>
    <ClInclude Include="C:\dev\TyrantDev\TYRANT\TYRANT\include\EntryPoint.h">
      <Filter>Header Files</Filter>
    </ClInclude>
    <ClInclude Include="C:\dev\TyrantDev\TYRANT\TYRANT\include\Level.h">
      <Filter>Header Files</Filter>
    </ClInclude>
    <ClInclude Include="C:\dev\TyrantDev\TYRANT\TYRANT\include\MathUtility.h">
      <Filter>Header Files</Filter>
    </ClInclude>
    <ClInclude Include="C:\dev\TyrantDev\TYRANT\TYRANT\include\MovementComp.h">
      <Filter>Header Files</Filter>
    </ClInclude>
    <ClInclude Include="C:\dev\TyrantDev\TYRANT\TYRANT\include\PhysicsComp.h">
      <Filter>Header Files</Filter>
    </ClInclude>
    <ClInclude Include="C:\dev\TyrantDev\TYRANT\TYRANT\include\SpaceComp.h">
      <Filter>Header Files</Filter>
    </ClInclude>
    <ClInclude Include="C:\dev\TyrantDev\TYRANT\TYRANT\include\TyrantCore.h">
      <Filter>Header Files</Filter>
    </ClInclude>
    <ClInclude Include="C:\dev\TyrantDev\TYRANT\TYRANT\include\VisualComp.h">
      <Filter>Header Files</Filter>
    </ClInclude>
    <ClInclude Include="C:\dev\TyrantDev\TYRANT\TYRANT\include\typch.h">
      <Filter>Header Files</Filter>
    </ClInclude>
    <ClInclude Include="C:\dev\TyrantDev\TYRANT\TYRANT\include\tyrant.h">
      <Filter>Header Files</Filter>
    </ClInclude>
    <ClInclude Include="C:\dev\TyrantDev\TYRANT\TYRANT\CMakeFiles\TYRANT.dir\Debug\cmake_pch.hxx">
      <Filter>Precompile Header File</Filter>
    </ClInclude>
    <ClInclude Include="C:\dev\TyrantDev\TYRANT\TYRANT\CMakeFiles\TYRANT.dir\Release\cmake_pch.hxx">
      <Filter>Precompile Header File</Filter>
    </ClInclude>
    <ClInclude Include="C:\dev\TyrantDev\TYRANT\TYRANT\CMakeFiles\TYRANT.dir\MinSizeRel\cmake_pch.hxx">
      <Filter>Precompile Header File</Filter>
    </ClInclude>
    <ClInclude Include="C:\dev\TyrantDev\TYRANT\TYRANT\CMakeFiles\TYRANT.dir\RelWithDebInfo\cmake_pch.hxx">
      <Filter>Precompile Header File</Filter>
    </ClInclude>
  </ItemGroup>
  <ItemGroup>
    <CustomBuild Include="C:\dev\TyrantDev\TYRANT\TYRANT\CMakeLists.txt" />
  </ItemGroup>
  <ItemGroup>
    <Filter Include="Header Files">
      <UniqueIdentifier>{203DE1A1-5DCD-389C-86A2-5ED68794542C}</UniqueIdentifier>
    </Filter>
    <Filter Include="Precompile Header File">
      <UniqueIdentifier>{B71D4C16-B671-377A-AFBF-6DFDA7D771EE}</UniqueIdentifier>
    </Filter>
    <Filter Include="Source Files">
      <UniqueIdentifier>{C51C9010-2881-357B-9CC9-CC5295C98F65}</UniqueIdentifier>
    </Filter>
  </ItemGroup>
</Project>
