<?xml version="1.0" encoding="utf-8"?>
<Project ToolsVersion="16.0" xmlns="http://schemas.microsoft.com/developer/msbuild/2003">
  <ItemGroup>
    <ClCompile Include="E:\Dev\TYRANT_Dev\TYRANT\TYRANT\CMakeFiles\TYRANT.dir\cmake_pch.cxx">
      <Filter>Source Files</Filter>
    </ClCompile>
    <ClCompile Include="E:\Dev\TYRANT_Dev\TYRANT\TYRANT\src\Application.cpp">
      <Filter>Source Files</Filter>
    </ClCompile>
    <ClCompile Include="E:\Dev\TYRANT_Dev\TYRANT\TYRANT\src\Entity.cpp">
      <Filter>Source Files</Filter>
    </ClCompile>
    <ClCompile Include="E:\Dev\TYRANT_Dev\TYRANT\TYRANT\src\EntityComp.cpp">
      <Filter>Source Files</Filter>
    </ClCompile>
    <ClCompile Include="E:\Dev\TYRANT_Dev\TYRANT\TYRANT\src\Level.cpp">
      <Filter>Source Files</Filter>
    </ClCompile>
    <ClCompile Include="E:\Dev\TYRANT_Dev\TYRANT\TYRANT\src\MovementComp.cpp">
      <Filter>Source Files</Filter>
    </ClCompile>
    <ClCompile Include="E:\Dev\TYRANT_Dev\TYRANT\TYRANT\src\PhysicsComp.cpp">
      <Filter>Source Files</Filter>
    </ClCompile>
    <ClCompile Include="E:\Dev\TYRANT_Dev\TYRANT\TYRANT\src\VisualComp.cpp">
      <Filter>Source Files</Filter>
    </ClCompile>
    <ClCompile Include="E:\Dev\TYRANT_Dev\TYRANT\TYRANT\src\tyrant.cpp">
      <Filter>Source Files</Filter>
    </ClCompile>
    <ClCompile Include="src\MathUtility.cpp" />
    <ClCompile Include="src\SpaceComp.cpp" />
  </ItemGroup>
  <ItemGroup>
    <ClInclude Include="E:\Dev\TYRANT_Dev\TYRANT\TYRANT\include\Application.h">
      <Filter>Header Files</Filter>
    </ClInclude>
    <ClInclude Include="E:\Dev\TYRANT_Dev\TYRANT\TYRANT\include\Entity.h">
      <Filter>Header Files</Filter>
    </ClInclude>
    <ClInclude Include="E:\Dev\TYRANT_Dev\TYRANT\TYRANT\include\EntityComp.h">
      <Filter>Header Files</Filter>
    </ClInclude>
    <ClInclude Include="E:\Dev\TYRANT_Dev\TYRANT\TYRANT\include\EntryPoint.h">
      <Filter>Header Files</Filter>
    </ClInclude>
    <ClInclude Include="E:\Dev\TYRANT_Dev\TYRANT\TYRANT\include\Level.h">
      <Filter>Header Files</Filter>
    </ClInclude>
    <ClInclude Include="E:\Dev\TYRANT_Dev\TYRANT\TYRANT\include\MovementComp.h">
      <Filter>Header Files</Filter>
    </ClInclude>
    <ClInclude Include="E:\Dev\TYRANT_Dev\TYRANT\TYRANT\include\PhysicsComp.h">
      <Filter>Header Files</Filter>
    </ClInclude>
    <ClInclude Include="E:\Dev\TYRANT_Dev\TYRANT\TYRANT\include\TyrantCore.h">
      <Filter>Header Files</Filter>
    </ClInclude>
    <ClInclude Include="E:\Dev\TYRANT_Dev\TYRANT\TYRANT\include\VisualComp.h">
      <Filter>Header Files</Filter>
    </ClInclude>
    <ClInclude Include="E:\Dev\TYRANT_Dev\TYRANT\TYRANT\include\typch.h">
      <Filter>Header Files</Filter>
    </ClInclude>
    <ClInclude Include="E:\Dev\TYRANT_Dev\TYRANT\TYRANT\include\tyrant.h">
      <Filter>Header Files</Filter>
    </ClInclude>
    <ClInclude Include="E:\Dev\TYRANT_Dev\TYRANT\TYRANT\CMakeFiles\TYRANT.dir\Debug\cmake_pch.hxx">
      <Filter>Precompile Header File</Filter>
    </ClInclude>
    <ClInclude Include="E:\Dev\TYRANT_Dev\TYRANT\TYRANT\CMakeFiles\TYRANT.dir\Release\cmake_pch.hxx">
      <Filter>Precompile Header File</Filter>
    </ClInclude>
    <ClInclude Include="E:\Dev\TYRANT_Dev\TYRANT\TYRANT\CMakeFiles\TYRANT.dir\MinSizeRel\cmake_pch.hxx">
      <Filter>Precompile Header File</Filter>
    </ClInclude>
    <ClInclude Include="E:\Dev\TYRANT_Dev\TYRANT\TYRANT\CMakeFiles\TYRANT.dir\RelWithDebInfo\cmake_pch.hxx">
      <Filter>Precompile Header File</Filter>
    </ClInclude>
    <ClInclude Include="include\MathUtility.h" />
    <ClInclude Include="include\SpaceComp.h" />
  </ItemGroup>
  <ItemGroup>
    <CustomBuild Include="E:\Dev\TYRANT_Dev\TYRANT\TYRANT\CMakeLists.txt" />
  </ItemGroup>
  <ItemGroup>
    <Filter Include="Header Files">
      <UniqueIdentifier>{C4C6A4B7-8BEE-32F7-9BE3-CD5EB9E2DDA4}</UniqueIdentifier>
    </Filter>
    <Filter Include="Precompile Header File">
      <UniqueIdentifier>{555D6AD5-CE74-3EAC-AA4D-C63AF5E5D8EC}</UniqueIdentifier>
    </Filter>
    <Filter Include="Source Files">
      <UniqueIdentifier>{65DB306D-9ADC-37AE-9B9D-33F3C3815128}</UniqueIdentifier>
    </Filter>
  </ItemGroup>
</Project>